
Microsoft Visual Studio Solution File, Format Version 11.00
# Visual Studio 2010
Project("{FAE04EC0-301F-11D3-BF4B-00C04F79EFBC}") = "JavaScriptWeb", "JavaScript\MyCode\JavaScriptWeb.csproj", "{2EFD27D3-84C9-419B-8A01-CD6832F4012E}"
EndProject
Project("{FAE04EC0-301F-11D3-BF4B-00C04F79EFBC}") = "JqueryWeb", "Jquery\MyCode\JqueryWeb.csproj", "{8E89FD85-BC96-467D-A1F2-54B0D58699BB}"
EndProject
Project("{FAE04EC0-301F-11D3-BF4B-00C04F79EFBC}") = "Bootstrap", "Bootstrap\MyCode\Bootstrap.csproj", "{47138372-D868-4D6E-8F0F-AAE85C6752AA}"
EndProject
Global
	GlobalSection(SolutionConfigurationPlatforms) = preSolution
		Debug|Any CPU = Debug|Any CPU
		Release|Any CPU = Release|Any CPU
	EndGlobalSection
	GlobalSection(ProjectConfigurationPlatforms) = postSolution
		{2EFD27D3-84C9-419B-8A01-CD6832F4012E}.Debug|Any CPU.ActiveCfg = Debug|Any CPU
		{2EFD27D3-84C9-419B-8A01-CD6832F4012E}.Debug|Any CPU.Build.0 = Debug|Any CPU
		{2EFD27D3-84C9-419B-8A01-CD6832F4012E}.Release|Any CPU.ActiveCfg = Release|Any CPU
		{2EFD27D3-84C9-419B-8A01-CD6832F4012E}.Release|Any CPU.Build.0 = Release|Any CPU
		{8E89FD85-BC96-467D-A1F2-54B0D58699BB}.Debug|Any CPU.ActiveCfg = Debug|Any CPU
		{8E89FD85-BC96-467D-A1F2-54B0D58699BB}.Debug|Any CPU.Build.0 = Debug|Any CPU
		{8E89FD85-BC96-467D-A1F2-54B0D58699BB}.Release|Any CPU.ActiveCfg = Release|Any CPU
		{8E89FD85-BC96-467D-A1F2-54B0D58699BB}.Release|Any CPU.Build.0 = Release|Any CPU
		{47138372-D868-4D6E-8F0F-AAE85C6752AA}.Debug|Any CPU.ActiveCfg = Debug|Any CPU
		{47138372-D868-4D6E-8F0F-AAE85C6752AA}.Debug|Any CPU.Build.0 = Debug|Any CPU
		{47138372-D868-4D6E-8F0F-AAE85C6752AA}.Release|Any CPU.ActiveCfg = Release|Any CPU
		{47138372-D868-4D6E-8F0F-AAE85C6752AA}.Release|Any CPU.Build.0 = Release|Any CPU
	EndGlobalSection
	GlobalSection(SolutionProperties) = preSolution
		HideSolutionNode = FALSE
	EndGlobalSection
EndGlobal
