
Microsoft Visual Studio Solution File, Format Version 12.00
# Visual Studio 2013
VisualStudioVersion = 12.0.30324.0
MinimumVisualStudioVersion = 10.0.40219.1
Project("{FAE04EC0-301F-11D3-BF4B-00C04F79EFBC}") = "JavaScriptWeb", "JavaScript\MyCode\JavaScriptWeb.csproj", "{2EFD27D3-84C9-419B-8A01-CD6832F4012E}"
EndProject
Project("{FAE04EC0-301F-11D3-BF4B-00C04F79EFBC}") = "JqueryWeb", "Jquery\MyCode\JqueryWeb.csproj", "{8E89FD85-BC96-467D-A1F2-54B0D58699BB}"
EndProject
Project("{FAE04EC0-301F-11D3-BF4B-00C04F79EFBC}") = "Bootstrap", "Bootstrap\MyCode\Bootstrap.csproj", "{47138372-D868-4D6E-8F0F-AAE85C6752AA}"
EndProject
Project("{2150E333-8FDC-42A3-9474-1A3956D46DE8}") = "ModularProgramming", "ModularProgramming", "{7C200F66-E404-4F3A-93B0-160EB80026B4}"
EndProject
Project("{F184B08F-C81C-45F6-A57F-5ABD9991F28F}") = "SeaJs", "ModularProgramming\SeaJs\SeaJs.vbproj", "{F514618A-62FA-40CD-92D5-B7AFBB0180F2}"
EndProject
Project("{F184B08F-C81C-45F6-A57F-5ABD9991F28F}") = "Handlebars", "ModularProgramming\Handlebars\Handlebars.vbproj", "{865FE782-B89A-4633-A00C-CE9000B84AD4}"
EndProject
Project("{F184B08F-C81C-45F6-A57F-5ABD9991F28F}") = "requireJs", "ModularProgramming\requireJs\requireJs.vbproj", "{17232E0B-4AC4-4C8F-A5F5-65B4A750431C}"
EndProject
Project("{FAE04EC0-301F-11D3-BF4B-00C04F79EFBC}") = "Backbone", "ModularProgramming\Backbone\Backbone.csproj", "{B956D152-21DC-48BA-A5EF-0BB67D280CE2}"
EndProject
Project("{2150E333-8FDC-42A3-9474-1A3956D46DE8}") = "lib", "lib", "{3AABBC1C-9844-43E9-8772-194654D68EE3}"
	ProjectSection(SolutionItems) = preProject
		lib\backbone.js = lib\backbone.js
		lib\jquery.js = lib\jquery.js
		lib\json2.js = lib\json2.js
		lib\underscore.js = lib\underscore.js
		lib\zepto.js = lib\zepto.js
	EndProjectSection
EndProject
Project("{2150E333-8FDC-42A3-9474-1A3956D46DE8}") = "Interview", "Interview", "{A4875745-2D34-49DD-968A-3E6595EDF456}"
EndProject
Project("{FAE04EC0-301F-11D3-BF4B-00C04F79EFBC}") = "InterviewWeb", "InterviewWeb\InterviewWeb.csproj", "{D3420FE7-6193-49C3-BE1B-45681052A474}"
EndProject
Global
	GlobalSection(SolutionConfigurationPlatforms) = preSolution
		Debug|Any CPU = Debug|Any CPU
		Release|Any CPU = Release|Any CPU
	EndGlobalSection
	GlobalSection(ProjectConfigurationPlatforms) = postSolution
		{2EFD27D3-84C9-419B-8A01-CD6832F4012E}.Debug|Any CPU.ActiveCfg = Debug|Any CPU
		{2EFD27D3-84C9-419B-8A01-CD6832F4012E}.Debug|Any CPU.Build.0 = Debug|Any CPU
		{2EFD27D3-84C9-419B-8A01-CD6832F4012E}.Release|Any CPU.ActiveCfg = Release|Any CPU
		{2EFD27D3-84C9-419B-8A01-CD6832F4012E}.Release|Any CPU.Build.0 = Release|Any CPU
		{8E89FD85-BC96-467D-A1F2-54B0D58699BB}.Debug|Any CPU.ActiveCfg = Debug|Any CPU
		{8E89FD85-BC96-467D-A1F2-54B0D58699BB}.Debug|Any CPU.Build.0 = Debug|Any CPU
		{8E89FD85-BC96-467D-A1F2-54B0D58699BB}.Release|Any CPU.ActiveCfg = Release|Any CPU
		{8E89FD85-BC96-467D-A1F2-54B0D58699BB}.Release|Any CPU.Build.0 = Release|Any CPU
		{47138372-D868-4D6E-8F0F-AAE85C6752AA}.Debug|Any CPU.ActiveCfg = Debug|Any CPU
		{47138372-D868-4D6E-8F0F-AAE85C6752AA}.Debug|Any CPU.Build.0 = Debug|Any CPU
		{47138372-D868-4D6E-8F0F-AAE85C6752AA}.Release|Any CPU.ActiveCfg = Release|Any CPU
		{47138372-D868-4D6E-8F0F-AAE85C6752AA}.Release|Any CPU.Build.0 = Release|Any CPU
		{F514618A-62FA-40CD-92D5-B7AFBB0180F2}.Debug|Any CPU.ActiveCfg = Debug|Any CPU
		{F514618A-62FA-40CD-92D5-B7AFBB0180F2}.Debug|Any CPU.Build.0 = Debug|Any CPU
		{F514618A-62FA-40CD-92D5-B7AFBB0180F2}.Release|Any CPU.ActiveCfg = Release|Any CPU
		{F514618A-62FA-40CD-92D5-B7AFBB0180F2}.Release|Any CPU.Build.0 = Release|Any CPU
		{865FE782-B89A-4633-A00C-CE9000B84AD4}.Debug|Any CPU.ActiveCfg = Debug|Any CPU
		{865FE782-B89A-4633-A00C-CE9000B84AD4}.Debug|Any CPU.Build.0 = Debug|Any CPU
		{865FE782-B89A-4633-A00C-CE9000B84AD4}.Release|Any CPU.ActiveCfg = Release|Any CPU
		{865FE782-B89A-4633-A00C-CE9000B84AD4}.Release|Any CPU.Build.0 = Release|Any CPU
		{17232E0B-4AC4-4C8F-A5F5-65B4A750431C}.Debug|Any CPU.ActiveCfg = Debug|Any CPU
		{17232E0B-4AC4-4C8F-A5F5-65B4A750431C}.Debug|Any CPU.Build.0 = Debug|Any CPU
		{17232E0B-4AC4-4C8F-A5F5-65B4A750431C}.Release|Any CPU.ActiveCfg = Release|Any CPU
		{17232E0B-4AC4-4C8F-A5F5-65B4A750431C}.Release|Any CPU.Build.0 = Release|Any CPU
		{B956D152-21DC-48BA-A5EF-0BB67D280CE2}.Debug|Any CPU.ActiveCfg = Debug|Any CPU
		{B956D152-21DC-48BA-A5EF-0BB67D280CE2}.Debug|Any CPU.Build.0 = Debug|Any CPU
		{B956D152-21DC-48BA-A5EF-0BB67D280CE2}.Release|Any CPU.ActiveCfg = Release|Any CPU
		{B956D152-21DC-48BA-A5EF-0BB67D280CE2}.Release|Any CPU.Build.0 = Release|Any CPU
		{D3420FE7-6193-49C3-BE1B-45681052A474}.Debug|Any CPU.ActiveCfg = Debug|Any CPU
		{D3420FE7-6193-49C3-BE1B-45681052A474}.Debug|Any CPU.Build.0 = Debug|Any CPU
		{D3420FE7-6193-49C3-BE1B-45681052A474}.Release|Any CPU.ActiveCfg = Release|Any CPU
		{D3420FE7-6193-49C3-BE1B-45681052A474}.Release|Any CPU.Build.0 = Release|Any CPU
	EndGlobalSection
	GlobalSection(SolutionProperties) = preSolution
		HideSolutionNode = FALSE
	EndGlobalSection
	GlobalSection(NestedProjects) = preSolution
		{F514618A-62FA-40CD-92D5-B7AFBB0180F2} = {7C200F66-E404-4F3A-93B0-160EB80026B4}
		{865FE782-B89A-4633-A00C-CE9000B84AD4} = {7C200F66-E404-4F3A-93B0-160EB80026B4}
		{17232E0B-4AC4-4C8F-A5F5-65B4A750431C} = {7C200F66-E404-4F3A-93B0-160EB80026B4}
		{B956D152-21DC-48BA-A5EF-0BB67D280CE2} = {7C200F66-E404-4F3A-93B0-160EB80026B4}
		{3AABBC1C-9844-43E9-8772-194654D68EE3} = {7C200F66-E404-4F3A-93B0-160EB80026B4}
		{D3420FE7-6193-49C3-BE1B-45681052A474} = {A4875745-2D34-49DD-968A-3E6595EDF456}
	EndGlobalSection
EndGlobal
